{
  "version": 4,
  "terraform_version": "1.6.6",
  "serial": 15,
  "lineage": "b84c787a-48cd-da76-8094-d69276a2f6f3",
  "outputs": {
    "account_id": {
      "value": "520900722378",
      "type": "string"
    },
    "lock_table": {
      "value": "cig-terraform-locks",
      "type": "string"
    },
    "name_servers": {
      "value": [
        "ns-1126.awsdns-12.org",
        "ns-1660.awsdns-15.co.uk",
        "ns-267.awsdns-33.com",
        "ns-822.awsdns-38.net"
      ],
      "type": [
        "list",
        "string"
      ]
    },
    "route53_zone_id": {
      "value": "Z0870194ADDT0AX8LDML",
      "type": "string"
    },
    "state_bucket": {
      "value": "cig-terraform-state-520900722378",
      "type": "string"
    }
  },
  "resources": [
    {
      "mode": "data",
      "type": "aws_caller_identity",
      "name": "current",
      "provider": "provider[\"registry.terraform.io/hashicorp/aws\"]",
      "instances": [
        {
          "schema_version": 0,
          "attributes": {
            "account_id": "520900722378",
            "arn": "arn:aws:iam::520900722378:user/admin-cig",
            "id": "520900722378",
            "user_id": "AIDAXSSA2H3FOSNTR4A4V"
          },
          "sensitive_attributes": []
        }
      ]
    },
    {
      "mode": "managed",
      "type": "aws_dynamodb_table",
      "name": "terraform_locks",
      "provider": "provider[\"registry.terraform.io/hashicorp/aws\"]",
      "instances": [
        {
          "schema_version": 1,
          "attributes": {
            "arn": "arn:aws:dynamodb:us-east-2:520900722378:table/cig-terraform-locks",
            "attribute": [
              {
                "name": "LockID",
                "type": "S"
              }
            ],
            "billing_mode": "PAY_PER_REQUEST",
            "deletion_protection_enabled": false,
            "global_secondary_index": [],
            "hash_key": "LockID",
            "id": "cig-terraform-locks",
            "import_table": [],
            "local_secondary_index": [],
            "name": "cig-terraform-locks",
            "on_demand_throughput": [],
            "point_in_time_recovery": [
              {
                "enabled": false,
                "recovery_period_in_days": 0
              }
            ],
            "range_key": null,
            "read_capacity": 0,
            "replica": [],
            "restore_date_time": null,
            "restore_source_name": null,
            "restore_source_table_arn": null,
            "restore_to_latest_time": null,
            "server_side_encryption": [],
            "stream_arn": "",
            "stream_enabled": false,
            "stream_label": "",
            "stream_view_type": "",
            "table_class": "STANDARD",
            "tags": {
              "Component": "bootstrap",
              "Name": "cig-terraform-locks",
              "Stack": "bootstrap-account",
              "cig-managed": "true"
            },
            "tags_all": {
              "Component": "bootstrap",
              "Environment": "bootstrap",
              "ManagedBy": "terraform",
              "Name": "cig-terraform-locks",
              "Project": "CIG",
              "Repository": "edwardcalderon/ComputeIntelligenceGraph",
              "Stack": "bootstrap-account",
              "cig-managed": "true"
            },
            "timeouts": null,
            "ttl": [
              {
                "attribute_name": "",
                "enabled": false
              }
            ],
            "write_capacity": 0
          },
          "sensitive_attributes": [],
          "private": "eyJlMmJmYjczMC1lY2FhLTExZTYtOGY4OC0zNDM2M2JjN2M0YzAiOnsiY3JlYXRlIjoxODAwMDAwMDAwMDAwLCJkZWxldGUiOjYwMDAwMDAwMDAwMCwidXBkYXRlIjozNjAwMDAwMDAwMDAwfSwic2NoZW1hX3ZlcnNpb24iOiIxIn0="
        }
      ]
    },
    {
      "mode": "managed",
      "type": "aws_route53_record",
      "name": "mail_dkim",
      "provider": "provider[\"registry.terraform.io/hashicorp/aws\"]",
      "instances": [
        {
          "schema_version": 2,
          "attributes": {
            "alias": [],
            "allow_overwrite": true,
            "cidr_routing_policy": [],
            "failover_routing_policy": [],
            "fqdn": "mail._domainkey.cig.technology",
            "geolocation_routing_policy": [],
            "geoproximity_routing_policy": [],
            "health_check_id": "",
            "id": "Z0870194ADDT0AX8LDML_mail._domainkey.cig.technology_TXT",
            "latency_routing_policy": [],
            "multivalue_answer_routing_policy": false,
            "name": "mail._domainkey.cig.technology",
            "records": [
              "v=DKIM1; k=ed25519; p=AV2lQGgZ2t2U48BtazkJOiUf4cIQwpBqL8Jskio8Qn8="
            ],
            "set_identifier": "",
            "timeouts": null,
            "ttl": 300,
            "type": "TXT",
            "weighted_routing_policy": [],
            "zone_id": "Z0870194ADDT0AX8LDML"
          },
          "sensitive_attributes": [],
          "private": "eyJlMmJmYjczMC1lY2FhLTExZTYtOGY4OC0zNDM2M2JjN2M0YzAiOnsiY3JlYXRlIjoxODAwMDAwMDAwMDAwLCJkZWxldGUiOjE4MDAwMDAwMDAwMDAsInVwZGF0ZSI6MTgwMDAwMDAwMDAwMH0sInNjaGVtYV92ZXJzaW9uIjoiMiJ9",
          "dependencies": [
            "aws_route53_zone.cig"
          ]
        }
      ]
    },
    {
      "mode": "managed",
      "type": "aws_route53_record",
      "name": "mail_dmarc",
      "provider": "provider[\"registry.terraform.io/hashicorp/aws\"]",
      "instances": [
        {
          "schema_version": 2,
          "attributes": {
            "alias": [],
            "allow_overwrite": true,
            "cidr_routing_policy": [],
            "failover_routing_policy": [],
            "fqdn": "_dmarc.cig.technology",
            "geolocation_routing_policy": [],
            "geoproximity_routing_policy": [],
            "health_check_id": "",
            "id": "Z0870194ADDT0AX8LDML__dmarc.cig.technology_TXT",
            "latency_routing_policy": [],
            "multivalue_answer_routing_policy": false,
            "name": "_dmarc.cig.technology",
            "records": [
              "v=DMARC1; p=none; rua=mailto:admin@cig.technology"
            ],
            "set_identifier": "",
            "timeouts": null,
            "ttl": 300,
            "type": "TXT",
            "weighted_routing_policy": [],
            "zone_id": "Z0870194ADDT0AX8LDML"
          },
          "sensitive_attributes": [],
          "private": "eyJlMmJmYjczMC1lY2FhLTExZTYtOGY4OC0zNDM2M2JjN2M0YzAiOnsiY3JlYXRlIjoxODAwMDAwMDAwMDAwLCJkZWxldGUiOjE4MDAwMDAwMDAwMDAsInVwZGF0ZSI6MTgwMDAwMDAwMDAwMH0sInNjaGVtYV92ZXJzaW9uIjoiMiJ9",
          "dependencies": [
            "aws_route53_zone.cig"
          ]
        }
      ]
    },
    {
      "mode": "managed",
      "type": "aws_route53_record",
      "name": "mail_imaps",
      "provider": "provider[\"registry.terraform.io/hashicorp/aws\"]",
      "instances": [
        {
          "schema_version": 2,
          "attributes": {
            "alias": [],
            "allow_overwrite": true,
            "cidr_routing_policy": [],
            "failover_routing_policy": [],
            "fqdn": "_imaps._tcp.cig.technology",
            "geolocation_routing_policy": [],
            "geoproximity_routing_policy": [],
            "health_check_id": "",
            "id": "Z0870194ADDT0AX8LDML__imaps._tcp.cig.technology_SRV",
            "latency_routing_policy": [],
            "multivalue_answer_routing_policy": false,
            "name": "_imaps._tcp.cig.technology",
            "records": [
              "0 1 993 mail.xn--tlo-fla.com."
            ],
            "set_identifier": "",
            "timeouts": null,
            "ttl": 300,
            "type": "SRV",
            "weighted_routing_policy": [],
            "zone_id": "Z0870194ADDT0AX8LDML"
          },
          "sensitive_attributes": [],
          "private": "eyJlMmJmYjczMC1lY2FhLTExZTYtOGY4OC0zNDM2M2JjN2M0YzAiOnsiY3JlYXRlIjoxODAwMDAwMDAwMDAwLCJkZWxldGUiOjE4MDAwMDAwMDAwMDAsInVwZGF0ZSI6MTgwMDAwMDAwMDAwMH0sInNjaGVtYV92ZXJzaW9uIjoiMiJ9",
          "dependencies": [
            "aws_route53_zone.cig"
          ]
        }
      ]
    },
    {
      "mode": "managed",
      "type": "aws_route53_record",
      "name": "mail_mx",
      "provider": "provider[\"registry.terraform.io/hashicorp/aws\"]",
      "instances": [
        {
          "schema_version": 2,
          "attributes": {
            "alias": [],
            "allow_overwrite": true,
            "cidr_routing_policy": [],
            "failover_routing_policy": [],
            "fqdn": "cig.technology",
            "geolocation_routing_policy": [],
            "geoproximity_routing_policy": [],
            "health_check_id": "",
            "id": "Z0870194ADDT0AX8LDML_cig.technology_MX",
            "latency_routing_policy": [],
            "multivalue_answer_routing_policy": false,
            "name": "cig.technology",
            "records": [
              "10 mail.xn--tlo-fla.com."
            ],
            "set_identifier": "",
            "timeouts": null,
            "ttl": 300,
            "type": "MX",
            "weighted_routing_policy": [],
            "zone_id": "Z0870194ADDT0AX8LDML"
          },
          "sensitive_attributes": [],
          "private": "eyJlMmJmYjczMC1lY2FhLTExZTYtOGY4OC0zNDM2M2JjN2M0YzAiOnsiY3JlYXRlIjoxODAwMDAwMDAwMDAwLCJkZWxldGUiOjE4MDAwMDAwMDAwMDAsInVwZGF0ZSI6MTgwMDAwMDAwMDAwMH0sInNjaGVtYV92ZXJzaW9uIjoiMiJ9",
          "dependencies": [
            "aws_route53_zone.cig"
          ]
        }
      ]
    },
    {
      "mode": "managed",
      "type": "aws_route53_record",
      "name": "mail_spf",
      "provider": "provider[\"registry.terraform.io/hashicorp/aws\"]",
      "instances": [
        {
          "schema_version": 2,
          "attributes": {
            "alias": [],
            "allow_overwrite": true,
            "cidr_routing_policy": [],
            "failover_routing_policy": [],
            "fqdn": "cig.technology",
            "geolocation_routing_policy": [],
            "geoproximity_routing_policy": [],
            "health_check_id": "",
            "id": "Z0870194ADDT0AX8LDML_cig.technology_TXT",
            "latency_routing_policy": [],
            "multivalue_answer_routing_policy": false,
            "name": "cig.technology",
            "records": [
              "v=spf1 mx a:mail.xn--tlo-fla.com ~all"
            ],
            "set_identifier": "",
            "timeouts": null,
            "ttl": 300,
            "type": "TXT",
            "weighted_routing_policy": [],
            "zone_id": "Z0870194ADDT0AX8LDML"
          },
          "sensitive_attributes": [],
          "private": "eyJlMmJmYjczMC1lY2FhLTExZTYtOGY4OC0zNDM2M2JjN2M0YzAiOnsiY3JlYXRlIjoxODAwMDAwMDAwMDAwLCJkZWxldGUiOjE4MDAwMDAwMDAwMDAsInVwZGF0ZSI6MTgwMDAwMDAwMDAwMH0sInNjaGVtYV92ZXJzaW9uIjoiMiJ9",
          "dependencies": [
            "aws_route53_zone.cig"
          ]
        }
      ]
    },
    {
      "mode": "managed",
      "type": "aws_route53_record",
      "name": "mail_submission",
      "provider": "provider[\"registry.terraform.io/hashicorp/aws\"]",
      "instances": [
        {
          "schema_version": 2,
          "attributes": {
            "alias": [],
            "allow_overwrite": true,
            "cidr_routing_policy": [],
            "failover_routing_policy": [],
            "fqdn": "_submission._tcp.cig.technology",
            "geolocation_routing_policy": [],
            "geoproximity_routing_policy": [],
            "health_check_id": "",
            "id": "Z0870194ADDT0AX8LDML__submission._tcp.cig.technology_SRV",
            "latency_routing_policy": [],
            "multivalue_answer_routing_policy": false,
            "name": "_submission._tcp.cig.technology",
            "records": [
              "0 1 587 mail.xn--tlo-fla.com."
            ],
            "set_identifier": "",
            "timeouts": null,
            "ttl": 300,
            "type": "SRV",
            "weighted_routing_policy": [],
            "zone_id": "Z0870194ADDT0AX8LDML"
          },
          "sensitive_attributes": [],
          "private": "eyJlMmJmYjczMC1lY2FhLTExZTYtOGY4OC0zNDM2M2JjN2M0YzAiOnsiY3JlYXRlIjoxODAwMDAwMDAwMDAwLCJkZWxldGUiOjE4MDAwMDAwMDAwMDAsInVwZGF0ZSI6MTgwMDAwMDAwMDAwMH0sInNjaGVtYV92ZXJzaW9uIjoiMiJ9",
          "dependencies": [
            "aws_route53_zone.cig"
          ]
        }
      ]
    },
    {
      "mode": "managed",
      "type": "aws_route53_zone",
      "name": "cig",
      "provider": "provider[\"registry.terraform.io/hashicorp/aws\"]",
      "instances": [
        {
          "schema_version": 0,
          "attributes": {
            "arn": "arn:aws:route53:::hostedzone/Z0870194ADDT0AX8LDML",
            "comment": "Managed by Terraform",
            "delegation_set_id": "",
            "force_destroy": false,
            "id": "Z0870194ADDT0AX8LDML",
            "name": "cig.technology",
            "name_servers": [
              "ns-1126.awsdns-12.org",
              "ns-1660.awsdns-15.co.uk",
              "ns-267.awsdns-33.com",
              "ns-822.awsdns-38.net"
            ],
            "primary_name_server": "ns-822.awsdns-38.net",
            "tags": {
              "Component": "bootstrap",
              "Name": "cig.technology-zone",
              "Stack": "bootstrap-account",
              "cig-managed": "true"
            },
            "tags_all": {
              "Component": "bootstrap",
              "Environment": "bootstrap",
              "ManagedBy": "terraform",
              "Name": "cig.technology-zone",
              "Project": "CIG",
              "Repository": "edwardcalderon/ComputeIntelligenceGraph",
              "Stack": "bootstrap-account",
              "cig-managed": "true"
            },
            "timeouts": null,
            "vpc": [],
            "zone_id": "Z0870194ADDT0AX8LDML"
          },
          "sensitive_attributes": [],
          "private": "eyJlMmJmYjczMC1lY2FhLTExZTYtOGY4OC0zNDM2M2JjN2M0YzAiOnsiY3JlYXRlIjoxODAwMDAwMDAwMDAwLCJkZWxldGUiOjE4MDAwMDAwMDAwMDAsInVwZGF0ZSI6MTgwMDAwMDAwMDAwMH19"
        }
      ]
    },
    {
      "mode": "managed",
      "type": "aws_s3_bucket",
      "name": "terraform_state",
      "provider": "provider[\"registry.terraform.io/hashicorp/aws\"]",
      "instances": [
        {
          "schema_version": 0,
          "attributes": {
            "acceleration_status": "",
            "acl": null,
            "arn": "arn:aws:s3:::cig-terraform-state-520900722378",
            "bucket": "cig-terraform-state-520900722378",
            "bucket_domain_name": "cig-terraform-state-520900722378.s3.amazonaws.com",
            "bucket_prefix": "",
            "bucket_regional_domain_name": "cig-terraform-state-520900722378.s3.us-east-2.amazonaws.com",
            "cors_rule": [],
            "force_destroy": false,
            "grant": [
              {
                "id": "a1eb091aa215e9e045db06f8c459226c53ef7c591968d0068fe762959f728c10",
                "permissions": [
                  "FULL_CONTROL"
                ],
                "type": "CanonicalUser",
                "uri": ""
              }
            ],
            "hosted_zone_id": "Z2O1EMRO9K5GLX",
            "id": "cig-terraform-state-520900722378",
            "lifecycle_rule": [],
            "logging": [],
            "object_lock_configuration": [],
            "object_lock_enabled": false,
            "policy": "",
            "region": "us-east-2",
            "replication_configuration": [],
            "request_payer": "BucketOwner",
            "server_side_encryption_configuration": [
              {
                "rule": [
                  {
                    "apply_server_side_encryption_by_default": [
                      {
                        "kms_master_key_id": "",
                        "sse_algorithm": "AES256"
                      }
                    ],
                    "bucket_key_enabled": false
                  }
                ]
              }
            ],
            "tags": {
              "Component": "bootstrap",
              "Name": "cig-terraform-state-520900722378",
              "Stack": "bootstrap-account",
              "cig-managed": "true"
            },
            "tags_all": {
              "Component": "bootstrap",
              "Environment": "bootstrap",
              "ManagedBy": "terraform",
              "Name": "cig-terraform-state-520900722378",
              "Project": "CIG",
              "Repository": "edwardcalderon/ComputeIntelligenceGraph",
              "Stack": "bootstrap-account",
              "cig-managed": "true"
            },
            "timeouts": null,
            "versioning": [
              {
                "enabled": true,
                "mfa_delete": false
              }
            ],
            "website": [],
            "website_domain": null,
            "website_endpoint": null
          },
          "sensitive_attributes": [],
          "private": "eyJlMmJmYjczMC1lY2FhLTExZTYtOGY4OC0zNDM2M2JjN2M0YzAiOnsiY3JlYXRlIjoxMjAwMDAwMDAwMDAwLCJkZWxldGUiOjM2MDAwMDAwMDAwMDAsInJlYWQiOjEyMDAwMDAwMDAwMDAsInVwZGF0ZSI6MTIwMDAwMDAwMDAwMH19",
          "dependencies": [
            "data.aws_caller_identity.current"
          ]
        }
      ]
    },
    {
      "mode": "managed",
      "type": "aws_s3_bucket_public_access_block",
      "name": "terraform_state",
      "provider": "provider[\"registry.terraform.io/hashicorp/aws\"]",
      "instances": [
        {
          "schema_version": 0,
          "attributes": {
            "block_public_acls": true,
            "block_public_policy": true,
            "bucket": "cig-terraform-state-520900722378",
            "id": "cig-terraform-state-520900722378",
            "ignore_public_acls": true,
            "restrict_public_buckets": true
          },
          "sensitive_attributes": [],
          "private": "bnVsbA==",
          "dependencies": [
            "aws_s3_bucket.terraform_state",
            "data.aws_caller_identity.current"
          ]
        }
      ]
    },
    {
      "mode": "managed",
      "type": "aws_s3_bucket_server_side_encryption_configuration",
      "name": "terraform_state",
      "provider": "provider[\"registry.terraform.io/hashicorp/aws\"]",
      "instances": [
        {
          "schema_version": 0,
          "attributes": {
            "bucket": "cig-terraform-state-520900722378",
            "expected_bucket_owner": "",
            "id": "cig-terraform-state-520900722378",
            "rule": [
              {
                "apply_server_side_encryption_by_default": [
                  {
                    "kms_master_key_id": "",
                    "sse_algorithm": "AES256"
                  }
                ],
                "bucket_key_enabled": false
              }
            ]
          },
          "sensitive_attributes": [],
          "private": "bnVsbA==",
          "dependencies": [
            "aws_s3_bucket.terraform_state",
            "data.aws_caller_identity.current"
          ]
        }
      ]
    },
    {
      "mode": "managed",
      "type": "aws_s3_bucket_versioning",
      "name": "terraform_state",
      "provider": "provider[\"registry.terraform.io/hashicorp/aws\"]",
      "instances": [
        {
          "schema_version": 0,
          "attributes": {
            "bucket": "cig-terraform-state-520900722378",
            "expected_bucket_owner": "",
            "id": "cig-terraform-state-520900722378",
            "mfa": null,
            "versioning_configuration": [
              {
                "mfa_delete": "",
                "status": "Enabled"
              }
            ]
          },
          "sensitive_attributes": [],
          "private": "bnVsbA==",
          "dependencies": [
            "aws_s3_bucket.terraform_state",
            "data.aws_caller_identity.current"
          ]
        }
      ]
    }
  ],
  "check_results": null
}
